
Microsoft Visual Studio Solution File, Format Version 12.00
# Visual Studio Version 16
VisualStudioVersion = 16.0.32002.261
MinimumVisualStudioVersion = 10.0.40219.1
Project("{FAE04EC0-301F-11D3-BF4B-00C04F79EFBC}") = "Sum of odd numbers", "Sum of odd numbers\Sum of odd numbers.csproj", "{F19BC410-54D1-43B6-AE7B-1AC281339096}"
EndProject
Global
	GlobalSection(SolutionConfigurationPlatforms) = preSolution
		Debug|Any CPU = Debug|Any CPU
		Release|Any CPU = Release|Any CPU
	EndGlobalSection
	GlobalSection(ProjectConfigurationPlatforms) = postSolution
		{F19BC410-54D1-43B6-AE7B-1AC281339096}.Debug|Any CPU.ActiveCfg = Debug|Any CPU
		{F19BC410-54D1-43B6-AE7B-1AC281339096}.Debug|Any CPU.Build.0 = Debug|Any CPU
		{F19BC410-54D1-43B6-AE7B-1AC281339096}.Release|Any CPU.ActiveCfg = Release|Any CPU
		{F19BC410-54D1-43B6-AE7B-1AC281339096}.Release|Any CPU.Build.0 = Release|Any CPU
	EndGlobalSection
	GlobalSection(SolutionProperties) = preSolution
		HideSolutionNode = FALSE
	EndGlobalSection
	GlobalSection(ExtensibilityGlobals) = postSolution
		SolutionGuid = {CD7997A9-7756-43B9-8B47-3E0E0E01E3E7}
	EndGlobalSection
EndGlobal
